# THIS IS AN AUTOGENERATED FILE. DO NOT EDIT THIS FILE DIRECTLY.
# yarn lockfile v1


basic-ftp@^3.1.1:
  version "3.1.1"
  resolved "https://registry.yarnpkg.com/basic-ftp/-/basic-ftp-3.1.1.tgz#18300c02314e1dc95a9fbe81d8fe64ab5443e30a"
  integrity sha512-luoJpgx7L8sBsWcwfXCLK/pw+6ROG3gs0PmCq00lPinnBR30nozEqjzEaAypvXuO5Rpdoc5VZohCjmHkW9CX8g==
